// !$*UTF8*$!
{
	archiveVersion = 1;
	classes = {
	};
	objectVersion = 50;
	objects = {

/* Begin PBXBuildFile section */
		6507713A20CE946000B6C3AA /* CategoryViewController.swift in Sources */ = {isa = PBXBuildFile; fileRef = 6507713920CE946000B6C3AA /* CategoryViewController.swift */; };
		6566BE8420CD1AF3007D13ED /* AppDelegate.swift in Sources */ = {isa = PBXBuildFile; fileRef = 6566BE8320CD1AF3007D13ED /* AppDelegate.swift */; };
		6566BE8620CD1AF3007D13ED /* ToDoListViewController.swift in Sources */ = {isa = PBXBuildFile; fileRef = 6566BE8520CD1AF3007D13ED /* ToDoListViewController.swift */; };
		6566BE8920CD1AF3007D13ED /* Main.storyboard in Resources */ = {isa = PBXBuildFile; fileRef = 6566BE8720CD1AF3007D13ED /* Main.storyboard */; };
		6566BE8B20CD1AF4007D13ED /* Assets.xcassets in Resources */ = {isa = PBXBuildFile; fileRef = 6566BE8A20CD1AF4007D13ED /* Assets.xcassets */; };
		6566BE8E20CD1AF4007D13ED /* LaunchScreen.storyboard in Resources */ = {isa = PBXBuildFile; fileRef = 6566BE8C20CD1AF4007D13ED /* LaunchScreen.storyboard */; };
		65C2509C20D156F500115480 /* SwipeTableViewController.swift in Sources */ = {isa = PBXBuildFile; fileRef = 65C2509B20D156F500115480 /* SwipeTableViewController.swift */; };
		65E5DE5F20CFEA950092DCC2 /* Item.swift in Sources */ = {isa = PBXBuildFile; fileRef = 65E5DE5E20CFEA950092DCC2 /* Item.swift */; };
		65E5DE6120CFEA9C0092DCC2 /* Category.swift in Sources */ = {isa = PBXBuildFile; fileRef = 65E5DE6020CFEA9C0092DCC2 /* Category.swift */; };
		8CE3E0E347F050E9CA8DEB8B /* Pods_Todoey.framework in Frameworks */ = {isa = PBXBuildFile; fileRef = 94F512171F971BA7C1F022E5 /* Pods_Todoey.framework */; };
/* End PBXBuildFile section */

/* Begin PBXFileReference section */
		19D28292F420EE13B14E0842 /* Pods-Todoey.release.xcconfig */ = {isa = PBXFileReference; includeInIndex = 1; lastKnownFileType = text.xcconfig; name = "Pods-Todoey.release.xcconfig"; path = "Pods/Target Support Files/Pods-Todoey/Pods-Todoey.release.xcconfig"; sourceTree = "<group>"; };
		6507713920CE946000B6C3AA /* CategoryViewController.swift */ = {isa = PBXFileReference; lastKnownFileType = sourcecode.swift; path = CategoryViewController.swift; sourceTree = "<group>"; };
		6566BE8020CD1AF3007D13ED /* Todoey.app */ = {isa = PBXFileReference; explicitFileType = wrapper.application; includeInIndex = 0; path = Todoey.app; sourceTree = BUILT_PRODUCTS_DIR; };
		6566BE8320CD1AF3007D13ED /* AppDelegate.swift */ = {isa = PBXFileReference; lastKnownFileType = sourcecode.swift; path = AppDelegate.swift; sourceTree = "<group>"; };
		6566BE8520CD1AF3007D13ED /* ToDoListViewController.swift */ = {isa = PBXFileReference; lastKnownFileType = sourcecode.swift; path = ToDoListViewController.swift; sourceTree = "<group>"; };
		6566BE8820CD1AF3007D13ED /* Base */ = {isa = PBXFileReference; lastKnownFileType = file.storyboard; name = Base; path = Base.lproj/Main.storyboard; sourceTree = "<group>"; };
		6566BE8A20CD1AF4007D13ED /* Assets.xcassets */ = {isa = PBXFileReference; lastKnownFileType = folder.assetcatalog; path = Assets.xcassets; sourceTree = "<group>"; };
		6566BE8D20CD1AF4007D13ED /* Base */ = {isa = PBXFileReference; lastKnownFileType = file.storyboard; name = Base; path = Base.lproj/LaunchScreen.storyboard; sourceTree = "<group>"; };
		6566BE8F20CD1AF4007D13ED /* Info.plist */ = {isa = PBXFileReference; lastKnownFileType = text.plist.xml; path = Info.plist; sourceTree = "<group>"; };
		65C2509B20D156F500115480 /* SwipeTableViewController.swift */ = {isa = PBXFileReference; lastKnownFileType = sourcecode.swift; path = SwipeTableViewController.swift; sourceTree = "<group>"; };
		65E5DE5E20CFEA950092DCC2 /* Item.swift */ = {isa = PBXFileReference; lastKnownFileType = sourcecode.swift; path = Item.swift; sourceTree = "<group>"; };
		65E5DE6020CFEA9C0092DCC2 /* Category.swift */ = {isa = PBXFileReference; lastKnownFileType = sourcecode.swift; path = Category.swift; sourceTree = "<group>"; };
		85AD518291983D82D153C898 /* Pods-Todoey.debug.xcconfig */ = {isa = PBXFileReference; includeInIndex = 1; lastKnownFileType = text.xcconfig; name = "Pods-Todoey.debug.xcconfig"; path = "Pods/Target Support Files/Pods-Todoey/Pods-Todoey.debug.xcconfig"; sourceTree = "<group>"; };
		94F512171F971BA7C1F022E5 /* Pods_Todoey.framework */ = {isa = PBXFileReference; explicitFileType = wrapper.framework; includeInIndex = 0; path = Pods_Todoey.framework; sourceTree = BUILT_PRODUCTS_DIR; };
/* End PBXFileReference section */

/* Begin PBXFrameworksBuildPhase section */
		6566BE7D20CD1AF3007D13ED /* Frameworks */ = {
			isa = PBXFrameworksBuildPhase;
			buildActionMask = 2147483647;
			files = (
				8CE3E0E347F050E9CA8DEB8B /* Pods_Todoey.framework in Frameworks */,
			);
			runOnlyForDeploymentPostprocessing = 0;
		};
/* End PBXFrameworksBuildPhase section */

/* Begin PBXGroup section */
		6501E20120CD3479008B16E6 /* Model */ = {
			isa = PBXGroup;
			children = (
				65E5DE6020CFEA9C0092DCC2 /* Category.swift */,
				65E5DE5E20CFEA950092DCC2 /* Item.swift */,
			);
			path = Model;
			sourceTree = "<group>";
		};
		6501E20220CD347E008B16E6 /* View */ = {
			isa = PBXGroup;
			children = (
				6566BE8720CD1AF3007D13ED /* Main.storyboard */,
				6566BE8C20CD1AF4007D13ED /* LaunchScreen.storyboard */,
			);
			path = View;
			sourceTree = "<group>";
		};
		6501E20320CD3483008B16E6 /* Controller */ = {
			isa = PBXGroup;
			children = (
				6507713920CE946000B6C3AA /* CategoryViewController.swift */,
				6566BE8520CD1AF3007D13ED /* ToDoListViewController.swift */,
				65C2509B20D156F500115480 /* SwipeTableViewController.swift */,
			);
			path = Controller;
			sourceTree = "<group>";
		};
		6501E20420CD349A008B16E6 /* Support Files */ = {
			isa = PBXGroup;
			children = (
				6566BE8A20CD1AF4007D13ED /* Assets.xcassets */,
				6566BE8F20CD1AF4007D13ED /* Info.plist */,
			);
			path = "Support Files";
			sourceTree = "<group>";
		};
		6566BE7720CD1AF3007D13ED = {
			isa = PBXGroup;
			children = (
				6566BE8220CD1AF3007D13ED /* Todoey */,
				6566BE8120CD1AF3007D13ED /* Products */,
				A98EBB7E80B03F72564B8E56 /* Pods */,
				81D7CB9F0CCE3E86C907EB54 /* Frameworks */,
			);
			sourceTree = "<group>";
		};
		6566BE8120CD1AF3007D13ED /* Products */ = {
			isa = PBXGroup;
			children = (
				6566BE8020CD1AF3007D13ED /* Todoey.app */,
			);
			name = Products;
			sourceTree = "<group>";
		};
		6566BE8220CD1AF3007D13ED /* Todoey */ = {
			isa = PBXGroup;
			children = (
				6566BE8320CD1AF3007D13ED /* AppDelegate.swift */,
				6501E20320CD3483008B16E6 /* Controller */,
				6501E20220CD347E008B16E6 /* View */,
				6501E20120CD3479008B16E6 /* Model */,
				6501E20420CD349A008B16E6 /* Support Files */,
			);
			path = Todoey;
			sourceTree = "<group>";
		};
		81D7CB9F0CCE3E86C907EB54 /* Frameworks */ = {
			isa = PBXGroup;
			children = (
				94F512171F971BA7C1F022E5 /* Pods_Todoey.framework */,
			);
			name = Frameworks;
			sourceTree = "<group>";
		};
		A98EBB7E80B03F72564B8E56 /* Pods */ = {
			isa = PBXGroup;
			children = (
				85AD518291983D82D153C898 /* Pods-Todoey.debug.xcconfig */,
				19D28292F420EE13B14E0842 /* Pods-Todoey.release.xcconfig */,
			);
			name = Pods;
			sourceTree = "<group>";
		};
/* End PBXGroup section */

/* Begin PBXNativeTarget section */
		6566BE7F20CD1AF3007D13ED /* Todoey */ = {
			isa = PBXNativeTarget;
			buildConfigurationList = 6566BE9220CD1AF4007D13ED /* Build configuration list for PBXNativeTarget "Todoey" */;
			buildPhases = (
				C1DD80137B1754205F205A34 /* [CP] Check Pods Manifest.lock */,
				6566BE7C20CD1AF3007D13ED /* Sources */,
				6566BE7D20CD1AF3007D13ED /* Frameworks */,
				6566BE7E20CD1AF3007D13ED /* Resources */,
				E2A7B398B1E00562B90743B3 /* [CP] Embed Pods Frameworks */,
			);
			buildRules = (
			);
			dependencies = (
			);
			name = Todoey;
			productName = Todoey;
			productReference = 6566BE8020CD1AF3007D13ED /* Todoey.app */;
			productType = "com.apple.product-type.application";
		};
/* End PBXNativeTarget section */

/* Begin PBXProject section */
		6566BE7820CD1AF3007D13ED /* Project object */ = {
			isa = PBXProject;
			attributes = {
				LastSwiftUpdateCheck = 0930;
				LastUpgradeCheck = 0930;
				ORGANIZATIONNAME = "Andrea Garau";
				TargetAttributes = {
					6566BE7F20CD1AF3007D13ED = {
						CreatedOnToolsVersion = 9.3;
					};
				};
			};
			buildConfigurationList = 6566BE7B20CD1AF3007D13ED /* Build configuration list for PBXProject "Todoey" */;
			compatibilityVersion = "Xcode 9.3";
			developmentRegion = en;
			hasScannedForEncodings = 0;
			knownRegions = (
				en,
				Base,
			);
			mainGroup = 6566BE7720CD1AF3007D13ED;
			productRefGroup = 6566BE8120CD1AF3007D13ED /* Products */;
			projectDirPath = "";
			projectRoot = "";
			targets = (
				6566BE7F20CD1AF3007D13ED /* Todoey */,
			);
		};
/* End PBXProject section */

/* Begin PBXResourcesBuildPhase section */
		6566BE7E20CD1AF3007D13ED /* Resources */ = {
			isa = PBXResourcesBuildPhase;
			buildActionMask = 2147483647;
			files = (
				6566BE8E20CD1AF4007D13ED /* LaunchScreen.storyboard in Resources */,
				6566BE8B20CD1AF4007D13ED /* Assets.xcassets in Resources */,
				6566BE8920CD1AF3007D13ED /* Main.storyboard in Resources */,
			);
			runOnlyForDeploymentPostprocessing = 0;
		};
/* End PBXResourcesBuildPhase section */

/* Begin PBXShellScriptBuildPhase section */
		C1DD80137B1754205F205A34 /* [CP] Check Pods Manifest.lock */ = {
			isa = PBXShellScriptBuildPhase;
			buildActionMask = 2147483647;
			files = (
			);
			inputPaths = (
				"${PODS_PODFILE_DIR_PATH}/Podfile.lock",
				"${PODS_ROOT}/Manifest.lock",
			);
			name = "[CP] Check Pods Manifest.lock";
			outputPaths = (
				"$(DERIVED_FILE_DIR)/Pods-Todoey-checkManifestLockResult.txt",
			);
			runOnlyForDeploymentPostprocessing = 0;
			shellPath = /bin/sh;
			shellScript = "diff \"${PODS_PODFILE_DIR_PATH}/Podfile.lock\" \"${PODS_ROOT}/Manifest.lock\" > /dev/null\nif [ $? != 0 ] ; then\n    # print error to STDERR\n    echo \"error: The sandbox is not in sync with the Podfile.lock. Run 'pod install' or update your CocoaPods installation.\" >&2\n    exit 1\nfi\n# This output is used by Xcode 'outputs' to avoid re-running this script phase.\necho \"SUCCESS\" > \"${SCRIPT_OUTPUT_FILE_0}\"\n";
			showEnvVarsInLog = 0;
		};
		E2A7B398B1E00562B90743B3 /* [CP] Embed Pods Frameworks */ = {
			isa = PBXShellScriptBuildPhase;
			buildActionMask = 2147483647;
			files = (
			);
			inputPaths = (
				"${SRCROOT}/Pods/Target Support Files/Pods-Todoey/Pods-Todoey-frameworks.sh",
				"${BUILT_PRODUCTS_DIR}/ChameleonFramework/ChameleonFramework.framework",
				"${BUILT_PRODUCTS_DIR}/Realm/Realm.framework",
				"${BUILT_PRODUCTS_DIR}/RealmSwift/RealmSwift.framework",
				"${BUILT_PRODUCTS_DIR}/SwipeCellKit/SwipeCellKit.framework",
			);
			name = "[CP] Embed Pods Frameworks";
			outputPaths = (
				"${TARGET_BUILD_DIR}/${FRAMEWORKS_FOLDER_PATH}/ChameleonFramework.framework",
				"${TARGET_BUILD_DIR}/${FRAMEWORKS_FOLDER_PATH}/Realm.framework",
				"${TARGET_BUILD_DIR}/${FRAMEWORKS_FOLDER_PATH}/RealmSwift.framework",
				"${TARGET_BUILD_DIR}/${FRAMEWORKS_FOLDER_PATH}/SwipeCellKit.framework",
			);
			runOnlyForDeploymentPostprocessing = 0;
			shellPath = /bin/sh;
			shellScript = "\"${SRCROOT}/Pods/Target Support Files/Pods-Todoey/Pods-Todoey-frameworks.sh\"\n";
			showEnvVarsInLog = 0;
		};
/* End PBXShellScriptBuildPhase section */

/* Begin PBXSourcesBuildPhase section */
		6566BE7C20CD1AF3007D13ED /* Sources */ = {
			isa = PBXSourcesBuildPhase;
			buildActionMask = 2147483647;
			files = (
				65E5DE5F20CFEA950092DCC2 /* Item.swift in Sources */,
				6507713A20CE946000B6C3AA /* CategoryViewController.swift in Sources */,
				6566BE8620CD1AF3007D13ED /* ToDoListViewController.swift in Sources */,
				6566BE8420CD1AF3007D13ED /* AppDelegate.swift in Sources */,
				65C2509C20D156F500115480 /* SwipeTableViewController.swift in Sources */,
				65E5DE6120CFEA9C0092DCC2 /* Category.swift in Sources */,
			);
			runOnlyForDeploymentPostprocessing = 0;
		};
/* End PBXSourcesBuildPhase section */

/* Begin PBXVariantGroup section */
		6566BE8720CD1AF3007D13ED /* Main.storyboard */ = {
			isa = PBXVariantGroup;
			children = (
				6566BE8820CD1AF3007D13ED /* Base */,
			);
			name = Main.storyboard;
			sourceTree = "<group>";
		};
		6566BE8C20CD1AF4007D13ED /* LaunchScreen.storyboard */ = {
			isa = PBXVariantGroup;
			children = (
				6566BE8D20CD1AF4007D13ED /* Base */,
			);
			name = LaunchScreen.storyboard;
			sourceTree = "<group>";
		};
/* End PBXVariantGroup section */

/* Begin XCBuildConfiguration section */
		6566BE9020CD1AF4007D13ED /* Debug */ = {
			isa = XCBuildConfiguration;
			buildSettings = {
				ALWAYS_SEARCH_USER_PATHS = NO;
				CLANG_ANALYZER_NONNULL = YES;
				CLANG_ANALYZER_NUMBER_OBJECT_CONVERSION = YES_AGGRESSIVE;
				CLANG_CXX_LANGUAGE_STANDARD = "gnu++14";
				CLANG_CXX_LIBRARY = "libc++";
				CLANG_ENABLE_MODULES = YES;
				CLANG_ENABLE_OBJC_ARC = YES;
				CLANG_ENABLE_OBJC_WEAK = YES;
				CLANG_WARN_BLOCK_CAPTURE_AUTORELEASING = YES;
				CLANG_WARN_BOOL_CONVERSION = YES;
				CLANG_WARN_COMMA = YES;
				CLANG_WARN_CONSTANT_CONVERSION = YES;
				CLANG_WARN_DEPRECATED_OBJC_IMPLEMENTATIONS = YES;
				CLANG_WARN_DIRECT_OBJC_ISA_USAGE = YES_ERROR;
				CLANG_WARN_DOCUMENTATION_COMMENTS = YES;
				CLANG_WARN_EMPTY_BODY = YES;
				CLANG_WARN_ENUM_CONVERSION = YES;
				CLANG_WARN_INFINITE_RECURSION = YES;
				CLANG_WARN_INT_CONVERSION = YES;
				CLANG_WARN_NON_LITERAL_NULL_CONVERSION = YES;
				CLANG_WARN_OBJC_IMPLICIT_RETAIN_SELF = YES;
				CLANG_WARN_OBJC_LITERAL_CONVERSION = YES;
				CLANG_WARN_OBJC_ROOT_CLASS = YES_ERROR;
				CLANG_WARN_RANGE_LOOP_ANALYSIS = YES;
				CLANG_WARN_STRICT_PROTOTYPES = YES;
				CLANG_WARN_SUSPICIOUS_MOVE = YES;
				CLANG_WARN_UNGUARDED_AVAILABILITY = YES_AGGRESSIVE;
				CLANG_WARN_UNREACHABLE_CODE = YES;
				CLANG_WARN__DUPLICATE_METHOD_MATCH = YES;
				CODE_SIGN_IDENTITY = "iPhone Developer";
				COPY_PHASE_STRIP = NO;
				DEBUG_INFORMATION_FORMAT = dwarf;
				ENABLE_STRICT_OBJC_MSGSEND = YES;
				ENABLE_TESTABILITY = YES;
				GCC_C_LANGUAGE_STANDARD = gnu11;
				GCC_DYNAMIC_NO_PIC = NO;
				GCC_NO_COMMON_BLOCKS = YES;
				GCC_OPTIMIZATION_LEVEL = 0;
				GCC_PREPROCESSOR_DEFINITIONS = (
					"DEBUG=1",
					"$(inherited)",
				);
				GCC_WARN_64_TO_32_BIT_CONVERSION = YES;
				GCC_WARN_ABOUT_RETURN_TYPE = YES_ERROR;
				GCC_WARN_UNDECLARED_SELECTOR = YES;
				GCC_WARN_UNINITIALIZED_AUTOS = YES_AGGRESSIVE;
				GCC_WARN_UNUSED_FUNCTION = YES;
				GCC_WARN_UNUSED_VARIABLE = YES;
				IPHONEOS_DEPLOYMENT_TARGET = 11.3;
				MTL_ENABLE_DEBUG_INFO = YES;
				ONLY_ACTIVE_ARCH = YES;
				SDKROOT = iphoneos;
				SWIFT_ACTIVE_COMPILATION_CONDITIONS = DEBUG;
				SWIFT_OPTIMIZATION_LEVEL = "-Onone";
			};
			name = Debug;
		};
		6566BE9120CD1AF4007D13ED /* Release */ = {
			isa = XCBuildConfiguration;
			buildSettings = {
				ALWAYS_SEARCH_USER_PATHS = NO;
				CLANG_ANALYZER_NONNULL = YES;
				CLANG_ANALYZER_NUMBER_OBJECT_CONVERSION = YES_AGGRESSIVE;
				CLANG_CXX_LANGUAGE_STANDARD = "gnu++14";
				CLANG_CXX_LIBRARY = "libc++";
				CLANG_ENABLE_MODULES = YES;
				CLANG_ENABLE_OBJC_ARC = YES;
				CLANG_ENABLE_OBJC_WEAK = YES;
				CLANG_WARN_BLOCK_CAPTURE_AUTORELEASING = YES;
				CLANG_WARN_BOOL_CONVERSION = YES;
				CLANG_WARN_COMMA = YES;
				CLANG_WARN_CONSTANT_CONVERSION = YES;
				CLANG_WARN_DEPRECATED_OBJC_IMPLEMENTATIONS = YES;
				CLANG_WARN_DIRECT_OBJC_ISA_USAGE = YES_ERROR;
				CLANG_WARN_DOCUMENTATION_COMMENTS = YES;
				CLANG_WARN_EMPTY_BODY = YES;
				CLANG_WARN_ENUM_CONVERSION = YES;
				CLANG_WARN_INFINITE_RECURSION = YES;
				CLANG_WARN_INT_CONVERSION = YES;
				CLANG_WARN_NON_LITERAL_NULL_CONVERSION = YES;
				CLANG_WARN_OBJC_IMPLICIT_RETAIN_SELF = YES;
				CLANG_WARN_OBJC_LITERAL_CONVERSION = YES;
				CLANG_WARN_OBJC_ROOT_CLASS = YES_ERROR;
				CLANG_WARN_RANGE_LOOP_ANALYSIS = YES;
				CLANG_WARN_STRICT_PROTOTYPES = YES;
				CLANG_WARN_SUSPICIOUS_MOVE = YES;
				CLANG_WARN_UNGUARDED_AVAILABILITY = YES_AGGRESSIVE;
				CLANG_WARN_UNREACHABLE_CODE = YES;
				CLANG_WARN__DUPLICATE_METHOD_MATCH = YES;
				CODE_SIGN_IDENTITY = "iPhone Developer";
				COPY_PHASE_STRIP = NO;
				DEBUG_INFORMATION_FORMAT = "dwarf-with-dsym";
				ENABLE_NS_ASSERTIONS = NO;
				ENABLE_STRICT_OBJC_MSGSEND = YES;
				GCC_C_LANGUAGE_STANDARD = gnu11;
				GCC_NO_COMMON_BLOCKS = YES;
				GCC_WARN_64_TO_32_BIT_CONVERSION = YES;
				GCC_WARN_ABOUT_RETURN_TYPE = YES_ERROR;
				GCC_WARN_UNDECLARED_SELECTOR = YES;
				GCC_WARN_UNINITIALIZED_AUTOS = YES_AGGRESSIVE;
				GCC_WARN_UNUSED_FUNCTION = YES;
				GCC_WARN_UNUSED_VARIABLE = YES;
				IPHONEOS_DEPLOYMENT_TARGET = 11.3;
				MTL_ENABLE_DEBUG_INFO = NO;
				SDKROOT = iphoneos;
				SWIFT_COMPILATION_MODE = wholemodule;
				SWIFT_OPTIMIZATION_LEVEL = "-O";
				VALIDATE_PRODUCT = YES;
			};
			name = Release;
		};
		6566BE9320CD1AF4007D13ED /* Debug */ = {
			isa = XCBuildConfiguration;
			baseConfigurationReference = 85AD518291983D82D153C898 /* Pods-Todoey.debug.xcconfig */;
			buildSettings = {
				ASSETCATALOG_COMPILER_APPICON_NAME = AppIcon;
				CODE_SIGN_STYLE = Automatic;
				DEVELOPMENT_TEAM = 6AZ2R72D4C;
				INFOPLIST_FILE = "$(SRCROOT)/Todoey/Support Files/Info.plist";
				LD_RUNPATH_SEARCH_PATHS = (
					"$(inherited)",
					"@executable_path/Frameworks",
				);
				PRODUCT_BUNDLE_IDENTIFIER = com.andreagarau.Todoey;
				PRODUCT_NAME = "$(TARGET_NAME)";
				SWIFT_VERSION = 4.0;
				TARGETED_DEVICE_FAMILY = "1,2";
			};
			name = Debug;
		};
		6566BE9420CD1AF4007D13ED /* Release */ = {
			isa = XCBuildConfiguration;
			baseConfigurationReference = 19D28292F420EE13B14E0842 /* Pods-Todoey.release.xcconfig */;
			buildSettings = {
				ASSETCATALOG_COMPILER_APPICON_NAME = AppIcon;
				CODE_SIGN_STYLE = Automatic;
				DEVELOPMENT_TEAM = 6AZ2R72D4C;
				INFOPLIST_FILE = "$(SRCROOT)/Todoey/Support Files/Info.plist";
				LD_RUNPATH_SEARCH_PATHS = (
					"$(inherited)",
					"@executable_path/Frameworks",
				);
				PRODUCT_BUNDLE_IDENTIFIER = com.andreagarau.Todoey;
				PRODUCT_NAME = "$(TARGET_NAME)";
				SWIFT_VERSION = 4.0;
				TARGETED_DEVICE_FAMILY = "1,2";
			};
			name = Release;
		};
/* End XCBuildConfiguration section */

/* Begin XCConfigurationList section */
		6566BE7B20CD1AF3007D13ED /* Build configuration list for PBXProject "Todoey" */ = {
			isa = XCConfigurationList;
			buildConfigurations = (
				6566BE9020CD1AF4007D13ED /* Debug */,
				6566BE9120CD1AF4007D13ED /* Release */,
			);
			defaultConfigurationIsVisible = 0;
			defaultConfigurationName = Release;
		};
		6566BE9220CD1AF4007D13ED /* Build configuration list for PBXNativeTarget "Todoey" */ = {
			isa = XCConfigurationList;
			buildConfigurations = (
				6566BE9320CD1AF4007D13ED /* Debug */,
				6566BE9420CD1AF4007D13ED /* Release */,
			);
			defaultConfigurationIsVisible = 0;
			defaultConfigurationName = Release;
		};
/* End XCConfigurationList section */
	};
	rootObject = 6566BE7820CD1AF3007D13ED /* Project object */;
}
